schema: '2.0'
stages:
  prepare:
    cmd: python src/prepare.py
    deps:
    - path: data/raw/test.csv
      md5: dcec4b79bf9c7317bd9e17789bf888f0
      size: 451405
    - path: data/raw/train.csv
      md5: 80ccab65fb115cbad143dbbd2bcd5577
      size: 460676
    - path: src/prepare.py
      md5: a7a5402d6e5c2eb627bb358b3b03ee11
      size: 2694
    params:
      params.yaml:
        prepare.random_state: 0
        prepare.test_size: 0.2
        prepare.train_size: 0.8
    outs:
    - path: data/processed
      md5: 707e9c63aecbcf7f80889799728f93ad.dir
      size: 288857
      nfiles: 4
  train:
    cmd: python src/train.py
    deps:
    - path: data/processed/X_train.csv
      md5: 7a713ae3ad829f77ed81dee2ba0d2334
      size: 217902
    - path: data/processed/y_train.csv
      md5: 41d6700c65d86856e842b1a2e28d7769
      size: 13060
    - path: src/train.py
      md5: 4940257f3860b8bdb8ff50c06a74d425
      size: 1330
    params:
      params.yaml:
        train.random_state: 0
    outs:
    - path: models
      md5: 2bb5ae4d1ce9a17458412be123f1821f.dir
      size: 10632158
      nfiles: 1
  evaluate:
    cmd: python src/evaluate.py
    deps:
    - path: data/processed/X_valid.csv
      md5: 87610f109ee8b45ac499d8323f563faf
      size: 54630
    - path: data/processed/y_valid.csv
      md5: 9e132ff0314b2ec6b31602a7a0d804ee
      size: 3265
    - path: src/evaluate.py
      md5: 469b731515ff74d1c8f178677f542d3a
      size: 998
    outs:
    - path: metrics/scores.json
      md5: 1ad701d2d97859dccee7834a49074f0a
      size: 32
